// !$*UTF8*$!
{
	archiveVersion = 1;
	classes = {
	};
	objectVersion = 46;
	objects = {

/* Begin PBXBuildFile section */
		AE35E4B81DCD87E9007185A9 /* AppDelegate.swift in Sources */ = {isa = PBXBuildFile; fileRef = AE35E4B71DCD87E9007185A9 /* AppDelegate.swift */; };
		AE35E4BF1DCD87E9007185A9 /* Main.storyboard in Resources */ = {isa = PBXBuildFile; fileRef = AE35E4BD1DCD87E9007185A9 /* Main.storyboard */; };
		AE35E4C11DCD87E9007185A9 /* Assets.xcassets in Resources */ = {isa = PBXBuildFile; fileRef = AE35E4C01DCD87E9007185A9 /* Assets.xcassets */; };
		AE35E4C41DCD87E9007185A9 /* LaunchScreen.storyboard in Resources */ = {isa = PBXBuildFile; fileRef = AE35E4C21DCD87E9007185A9 /* LaunchScreen.storyboard */; };
		AE35E4CF1DCD87E9007185A9 /* ToDoListTests.swift in Sources */ = {isa = PBXBuildFile; fileRef = AE35E4CE1DCD87E9007185A9 /* ToDoListTests.swift */; };
		AE35E4DA1DCD87E9007185A9 /* ToDoListUITests.swift in Sources */ = {isa = PBXBuildFile; fileRef = AE35E4D91DCD87E9007185A9 /* ToDoListUITests.swift */; };
		AE68418C1DE148CA00D713C3 /* AddViewController.swift in Sources */ = {isa = PBXBuildFile; fileRef = AE68418B1DE148CA00D713C3 /* AddViewController.swift */; };
		C007C75F1DD1DE22006A285C /* MainViewController.swift in Sources */ = {isa = PBXBuildFile; fileRef = C007C75E1DD1DE22006A285C /* MainViewController.swift */; };
		C007C7621DD1DE63006A285C /* ListTableViewCell.swift in Sources */ = {isa = PBXBuildFile; fileRef = C007C7611DD1DE63006A285C /* ListTableViewCell.swift */; };
		C012BF621E0CF15B005109C2 /* listImageTempPlace.png in Resources */ = {isa = PBXBuildFile; fileRef = C012BF611E0CF15B005109C2 /* listImageTempPlace.png */; };
		C01B485C1DF15DE200B20403 /* ConfigTableViewController.swift in Sources */ = {isa = PBXBuildFile; fileRef = C01B485B1DF15DE200B20403 /* ConfigTableViewController.swift */; };
		C0380D971E1229840014C8B0 /* DetailFullImageViewController.swift in Sources */ = {isa = PBXBuildFile; fileRef = C0380D961E1229840014C8B0 /* DetailFullImageViewController.swift */; };
		C05463331E0BCFA30063ABD7 /* setting.png in Resources */ = {isa = PBXBuildFile; fileRef = C05463301E0BCFA30063ABD7 /* setting.png */; };
		C05463341E0BCFA30063ABD7 /* setting@2x.png in Resources */ = {isa = PBXBuildFile; fileRef = C05463311E0BCFA30063ABD7 /* setting@2x.png */; };
		C05463351E0BCFA30063ABD7 /* setting@3x.png in Resources */ = {isa = PBXBuildFile; fileRef = C05463321E0BCFA30063ABD7 /* setting@3x.png */; };
		C05463381E0BD7CD0063ABD7 /* LoginWithKakao.png in Resources */ = {isa = PBXBuildFile; fileRef = C05463371E0BD7CD0063ABD7 /* LoginWithKakao.png */; };
		C054633A1E0BEA130063ABD7 /* QrCodeViewController.swift in Sources */ = {isa = PBXBuildFile; fileRef = C05463391E0BEA130063ABD7 /* QrCodeViewController.swift */; };
		C054635A1E0C9ED00063ABD7 /* QRCodeReaderViewController.swift in Sources */ = {isa = PBXBuildFile; fileRef = C05463591E0C9ED00063ABD7 /* QRCodeReaderViewController.swift */; };
		C054635C1E0CA2E30063ABD7 /* qrcode.png in Resources */ = {isa = PBXBuildFile; fileRef = C054635B1E0CA2E30063ABD7 /* qrcode.png */; };
		C0960FE31DDF14C90016BDAF /* DetailViewController.swift in Sources */ = {isa = PBXBuildFile; fileRef = C0960FE21DDF14C90016BDAF /* DetailViewController.swift */; };
		C09B4D5E1DF2BBFB00F7D08D /* LoginViewController.swift in Sources */ = {isa = PBXBuildFile; fileRef = C09B4D5D1DF2BBFB00F7D08D /* LoginViewController.swift */; };
		C0CDE67B1E0AAB7000688F52 /* KakaoOpenSDK.framework in Frameworks */ = {isa = PBXBuildFile; fileRef = C0CDE6771E0AAB7000688F52 /* KakaoOpenSDK.framework */; };
		C0D542201E12642500ECF8D3 /* launchfile.png in Resources */ = {isa = PBXBuildFile; fileRef = C0D5421F1E12642500ECF8D3 /* launchfile.png */; };
		C0D542221E12642E00ECF8D3 /* wallpapaer.jpg in Resources */ = {isa = PBXBuildFile; fileRef = C0D542211E12642E00ECF8D3 /* wallpapaer.jpg */; };
		C0D542241E12645400ECF8D3 /* appicon.png in Resources */ = {isa = PBXBuildFile; fileRef = C0D542231E12645400ECF8D3 /* appicon.png */; };
		C0D542341E12838700ECF8D3 /* com.png in Resources */ = {isa = PBXBuildFile; fileRef = C0D542331E12838700ECF8D3 /* com.png */; };
		C0D542361E12865600ECF8D3 /* notCom.png in Resources */ = {isa = PBXBuildFile; fileRef = C0D542351E12865600ECF8D3 /* notCom.png */; };
		C0D542381E13D87900ECF8D3 /* memo.png in Resources */ = {isa = PBXBuildFile; fileRef = C0D542371E13D87900ECF8D3 /* memo.png */; };
		C0D5423E1E13DE4000ECF8D3 /* detailback.jpg in Resources */ = {isa = PBXBuildFile; fileRef = C0D5423D1E13DE4000ECF8D3 /* detailback.jpg */; };
		C0D542401E13E1FD00ECF8D3 /* AddTableViewController.swift in Sources */ = {isa = PBXBuildFile; fileRef = C0D5423F1E13E1FD00ECF8D3 /* AddTableViewController.swift */; };
		C0D542471E13E73600ECF8D3 /* cal.png in Resources */ = {isa = PBXBuildFile; fileRef = C0D542411E13E73600ECF8D3 /* cal.png */; };
		C0D542481E13E73600ECF8D3 /* ti.png in Resources */ = {isa = PBXBuildFile; fileRef = C0D542421E13E73600ECF8D3 /* ti.png */; };
		C0D542491E13E73600ECF8D3 /* clip.png in Resources */ = {isa = PBXBuildFile; fileRef = C0D542431E13E73600ECF8D3 /* clip.png */; };
		C0D5424A1E13E73600ECF8D3 /* stick.png in Resources */ = {isa = PBXBuildFile; fileRef = C0D542441E13E73600ECF8D3 /* stick.png */; };
		C0D5424B1E13E73600ECF8D3 /* x.png in Resources */ = {isa = PBXBuildFile; fileRef = C0D542451E13E73600ECF8D3 /* x.png */; };
		C0D5424C1E13E73600ECF8D3 /* check.png in Resources */ = {isa = PBXBuildFile; fileRef = C0D542461E13E73600ECF8D3 /* check.png */; };
/* End PBXBuildFile section */

/* Begin PBXContainerItemProxy section */
		AE35E4CB1DCD87E9007185A9 /* PBXContainerItemProxy */ = {
			isa = PBXContainerItemProxy;
			containerPortal = AE35E4AC1DCD87E9007185A9 /* Project object */;
			proxyType = 1;
			remoteGlobalIDString = AE35E4B31DCD87E9007185A9;
			remoteInfo = ToDoList;
		};
		AE35E4D61DCD87E9007185A9 /* PBXContainerItemProxy */ = {
			isa = PBXContainerItemProxy;
			containerPortal = AE35E4AC1DCD87E9007185A9 /* Project object */;
			proxyType = 1;
			remoteGlobalIDString = AE35E4B31DCD87E9007185A9;
			remoteInfo = ToDoList;
		};
/* End PBXContainerItemProxy section */

/* Begin PBXFileReference section */
		AE35E4B41DCD87E9007185A9 /* ToDoList.app */ = {isa = PBXFileReference; explicitFileType = wrapper.application; includeInIndex = 0; path = ToDoList.app; sourceTree = BUILT_PRODUCTS_DIR; };
		AE35E4B71DCD87E9007185A9 /* AppDelegate.swift */ = {isa = PBXFileReference; lastKnownFileType = sourcecode.swift; path = AppDelegate.swift; sourceTree = "<group>"; };
		AE35E4BE1DCD87E9007185A9 /* Base */ = {isa = PBXFileReference; lastKnownFileType = file.storyboard; name = Base; path = Base.lproj/Main.storyboard; sourceTree = "<group>"; };
		AE35E4C01DCD87E9007185A9 /* Assets.xcassets */ = {isa = PBXFileReference; lastKnownFileType = folder.assetcatalog; path = Assets.xcassets; sourceTree = "<group>"; };
		AE35E4C31DCD87E9007185A9 /* Base */ = {isa = PBXFileReference; lastKnownFileType = file.storyboard; name = Base; path = Base.lproj/LaunchScreen.storyboard; sourceTree = "<group>"; };
		AE35E4C51DCD87E9007185A9 /* Info.plist */ = {isa = PBXFileReference; lastKnownFileType = text.plist.xml; path = Info.plist; sourceTree = "<group>"; };
		AE35E4CA1DCD87E9007185A9 /* ToDoListTests.xctest */ = {isa = PBXFileReference; explicitFileType = wrapper.cfbundle; includeInIndex = 0; path = ToDoListTests.xctest; sourceTree = BUILT_PRODUCTS_DIR; };
		AE35E4CE1DCD87E9007185A9 /* ToDoListTests.swift */ = {isa = PBXFileReference; lastKnownFileType = sourcecode.swift; path = ToDoListTests.swift; sourceTree = "<group>"; };
		AE35E4D01DCD87E9007185A9 /* Info.plist */ = {isa = PBXFileReference; lastKnownFileType = text.plist.xml; path = Info.plist; sourceTree = "<group>"; };
		AE35E4D51DCD87E9007185A9 /* ToDoListUITests.xctest */ = {isa = PBXFileReference; explicitFileType = wrapper.cfbundle; includeInIndex = 0; path = ToDoListUITests.xctest; sourceTree = BUILT_PRODUCTS_DIR; };
		AE35E4D91DCD87E9007185A9 /* ToDoListUITests.swift */ = {isa = PBXFileReference; lastKnownFileType = sourcecode.swift; path = ToDoListUITests.swift; sourceTree = "<group>"; };
		AE35E4DB1DCD87E9007185A9 /* Info.plist */ = {isa = PBXFileReference; lastKnownFileType = text.plist.xml; path = Info.plist; sourceTree = "<group>"; };
		AE68418B1DE148CA00D713C3 /* AddViewController.swift */ = {isa = PBXFileReference; fileEncoding = 4; lastKnownFileType = sourcecode.swift; path = AddViewController.swift; sourceTree = "<group>"; };
		C007C75E1DD1DE22006A285C /* MainViewController.swift */ = {isa = PBXFileReference; fileEncoding = 4; lastKnownFileType = sourcecode.swift; name = MainViewController.swift; path = ../MainViewController.swift; sourceTree = "<group>"; };
		C007C7611DD1DE63006A285C /* ListTableViewCell.swift */ = {isa = PBXFileReference; fileEncoding = 4; lastKnownFileType = sourcecode.swift; name = ListTableViewCell.swift; path = ../ListTableViewCell.swift; sourceTree = "<group>"; };
		C012BF611E0CF15B005109C2 /* listImageTempPlace.png */ = {isa = PBXFileReference; lastKnownFileType = image.png; path = listImageTempPlace.png; sourceTree = "<group>"; };
		C01B485B1DF15DE200B20403 /* ConfigTableViewController.swift */ = {isa = PBXFileReference; fileEncoding = 4; lastKnownFileType = sourcecode.swift; path = ConfigTableViewController.swift; sourceTree = "<group>"; };
		C0380D961E1229840014C8B0 /* DetailFullImageViewController.swift */ = {isa = PBXFileReference; fileEncoding = 4; lastKnownFileType = sourcecode.swift; path = DetailFullImageViewController.swift; sourceTree = "<group>"; };
		C054632F1E0BCEF90063ABD7 /* ToDoList-Bridging-Header.h */ = {isa = PBXFileReference; lastKnownFileType = sourcecode.c.h; path = "ToDoList-Bridging-Header.h"; sourceTree = "<group>"; };
		C05463301E0BCFA30063ABD7 /* setting.png */ = {isa = PBXFileReference; lastKnownFileType = image.png; path = setting.png; sourceTree = "<group>"; };
		C05463311E0BCFA30063ABD7 /* setting@2x.png */ = {isa = PBXFileReference; lastKnownFileType = image.png; path = "setting@2x.png"; sourceTree = "<group>"; };
		C05463321E0BCFA30063ABD7 /* setting@3x.png */ = {isa = PBXFileReference; lastKnownFileType = image.png; path = "setting@3x.png"; sourceTree = "<group>"; };
		C05463371E0BD7CD0063ABD7 /* LoginWithKakao.png */ = {isa = PBXFileReference; lastKnownFileType = image.png; path = LoginWithKakao.png; sourceTree = "<group>"; };
		C05463391E0BEA130063ABD7 /* QrCodeViewController.swift */ = {isa = PBXFileReference; fileEncoding = 4; lastKnownFileType = sourcecode.swift; path = QrCodeViewController.swift; sourceTree = "<group>"; };
		C05463591E0C9ED00063ABD7 /* QRCodeReaderViewController.swift */ = {isa = PBXFileReference; fileEncoding = 4; lastKnownFileType = sourcecode.swift; path = QRCodeReaderViewController.swift; sourceTree = "<group>"; };
		C054635B1E0CA2E30063ABD7 /* qrcode.png */ = {isa = PBXFileReference; lastKnownFileType = image.png; path = qrcode.png; sourceTree = "<group>"; };
		C0960FE21DDF14C90016BDAF /* DetailViewController.swift */ = {isa = PBXFileReference; fileEncoding = 4; lastKnownFileType = sourcecode.swift; path = DetailViewController.swift; sourceTree = "<group>"; };
		C09B4D5D1DF2BBFB00F7D08D /* LoginViewController.swift */ = {isa = PBXFileReference; fileEncoding = 4; lastKnownFileType = sourcecode.swift; path = LoginViewController.swift; sourceTree = "<group>"; };
		C0CDE6771E0AAB7000688F52 /* KakaoOpenSDK.framework */ = {isa = PBXFileReference; lastKnownFileType = wrapper.framework; path = KakaoOpenSDK.framework; sourceTree = "<group>"; };
		C0D5421F1E12642500ECF8D3 /* launchfile.png */ = {isa = PBXFileReference; lastKnownFileType = image.png; path = launchfile.png; sourceTree = "<group>"; };
		C0D542211E12642E00ECF8D3 /* wallpapaer.jpg */ = {isa = PBXFileReference; lastKnownFileType = image.jpeg; path = wallpapaer.jpg; sourceTree = "<group>"; };
		C0D542231E12645400ECF8D3 /* appicon.png */ = {isa = PBXFileReference; lastKnownFileType = image.png; path = appicon.png; sourceTree = "<group>"; };
		C0D542331E12838700ECF8D3 /* com.png */ = {isa = PBXFileReference; lastKnownFileType = image.png; path = com.png; sourceTree = "<group>"; };
		C0D542351E12865600ECF8D3 /* notCom.png */ = {isa = PBXFileReference; lastKnownFileType = image.png; path = notCom.png; sourceTree = "<group>"; };
		C0D542371E13D87900ECF8D3 /* memo.png */ = {isa = PBXFileReference; lastKnownFileType = image.png; path = memo.png; sourceTree = "<group>"; };
		C0D5423D1E13DE4000ECF8D3 /* detailback.jpg */ = {isa = PBXFileReference; lastKnownFileType = image.jpeg; path = detailback.jpg; sourceTree = "<group>"; };
		C0D5423F1E13E1FD00ECF8D3 /* AddTableViewController.swift */ = {isa = PBXFileReference; fileEncoding = 4; lastKnownFileType = sourcecode.swift; path = AddTableViewController.swift; sourceTree = "<group>"; };
		C0D542411E13E73600ECF8D3 /* cal.png */ = {isa = PBXFileReference; lastKnownFileType = image.png; path = cal.png; sourceTree = "<group>"; };
		C0D542421E13E73600ECF8D3 /* ti.png */ = {isa = PBXFileReference; lastKnownFileType = image.png; path = ti.png; sourceTree = "<group>"; };
		C0D542431E13E73600ECF8D3 /* clip.png */ = {isa = PBXFileReference; lastKnownFileType = image.png; path = clip.png; sourceTree = "<group>"; };
		C0D542441E13E73600ECF8D3 /* stick.png */ = {isa = PBXFileReference; lastKnownFileType = image.png; path = stick.png; sourceTree = "<group>"; };
		C0D542451E13E73600ECF8D3 /* x.png */ = {isa = PBXFileReference; lastKnownFileType = image.png; path = x.png; sourceTree = "<group>"; };
		C0D542461E13E73600ECF8D3 /* check.png */ = {isa = PBXFileReference; lastKnownFileType = image.png; path = check.png; sourceTree = "<group>"; };
/* End PBXFileReference section */

/* Begin PBXFrameworksBuildPhase section */
		AE35E4B11DCD87E9007185A9 /* Frameworks */ = {
			isa = PBXFrameworksBuildPhase;
			buildActionMask = 2147483647;
			files = (
				C0CDE67B1E0AAB7000688F52 /* KakaoOpenSDK.framework in Frameworks */,
			);
			runOnlyForDeploymentPostprocessing = 0;
		};
		AE35E4C71DCD87E9007185A9 /* Frameworks */ = {
			isa = PBXFrameworksBuildPhase;
			buildActionMask = 2147483647;
			files = (
			);
			runOnlyForDeploymentPostprocessing = 0;
		};
		AE35E4D21DCD87E9007185A9 /* Frameworks */ = {
			isa = PBXFrameworksBuildPhase;
			buildActionMask = 2147483647;
			files = (
			);
			runOnlyForDeploymentPostprocessing = 0;
		};
/* End PBXFrameworksBuildPhase section */

/* Begin PBXGroup section */
		AE35E4AB1DCD87E9007185A9 = {
			isa = PBXGroup;
			children = (
				C05463361E0BCFA50063ABD7 /* Icons */,
				C058F3011DF2BA89001CCD46 /* Frameworks */,
				AE35E4B61DCD87E9007185A9 /* ToDoList */,
				AE35E4CD1DCD87E9007185A9 /* ToDoListTests */,
				AE35E4D81DCD87E9007185A9 /* ToDoListUITests */,
				AE35E4B51DCD87E9007185A9 /* Products */,
			);
			sourceTree = "<group>";
		};
		AE35E4B51DCD87E9007185A9 /* Products */ = {
			isa = PBXGroup;
			children = (
				AE35E4B41DCD87E9007185A9 /* ToDoList.app */,
				AE35E4CA1DCD87E9007185A9 /* ToDoListTests.xctest */,
				AE35E4D51DCD87E9007185A9 /* ToDoListUITests.xctest */,
			);
			name = Products;
			sourceTree = "<group>";
		};
		AE35E4B61DCD87E9007185A9 /* ToDoList */ = {
			isa = PBXGroup;
			children = (
				C01B485A1DF15DA600B20403 /* ConfigView */,
				AE35E4BD1DCD87E9007185A9 /* Main.storyboard */,
				C007C7601DD1DE27006A285C /* MainView */,
				C02528F21DCDAE65002A75B5 /* DetailView */,
				AE68418A1DE148B000D713C3 /* AddView */,
				AE35E4B71DCD87E9007185A9 /* AppDelegate.swift */,
				AE35E4C01DCD87E9007185A9 /* Assets.xcassets */,
				C054632F1E0BCEF90063ABD7 /* ToDoList-Bridging-Header.h */,
				AE35E4C21DCD87E9007185A9 /* LaunchScreen.storyboard */,
				AE35E4C51DCD87E9007185A9 /* Info.plist */,
				C05463591E0C9ED00063ABD7 /* QRCodeReaderViewController.swift */,
				C0D5423F1E13E1FD00ECF8D3 /* AddTableViewController.swift */,
			);
			path = ToDoList;
			sourceTree = "<group>";
		};
		AE35E4CD1DCD87E9007185A9 /* ToDoListTests */ = {
			isa = PBXGroup;
			children = (
				AE35E4CE1DCD87E9007185A9 /* ToDoListTests.swift */,
				AE35E4D01DCD87E9007185A9 /* Info.plist */,
			);
			path = ToDoListTests;
			sourceTree = "<group>";
		};
		AE35E4D81DCD87E9007185A9 /* ToDoListUITests */ = {
			isa = PBXGroup;
			children = (
				AE35E4D91DCD87E9007185A9 /* ToDoListUITests.swift */,
				AE35E4DB1DCD87E9007185A9 /* Info.plist */,
			);
			path = ToDoListUITests;
			sourceTree = "<group>";
		};
		AE68418A1DE148B000D713C3 /* AddView */ = {
			isa = PBXGroup;
			children = (
				AE68418B1DE148CA00D713C3 /* AddViewController.swift */,
			);
			name = AddView;
			sourceTree = "<group>";
		};
		C007C7601DD1DE27006A285C /* MainView */ = {
			isa = PBXGroup;
			children = (
				C05463391E0BEA130063ABD7 /* QrCodeViewController.swift */,
				C007C75E1DD1DE22006A285C /* MainViewController.swift */,
				C007C7611DD1DE63006A285C /* ListTableViewCell.swift */,
				C09B4D5D1DF2BBFB00F7D08D /* LoginViewController.swift */,
			);
			name = MainView;
			sourceTree = "<group>";
		};
		C01B485A1DF15DA600B20403 /* ConfigView */ = {
			isa = PBXGroup;
			children = (
				C01B485B1DF15DE200B20403 /* ConfigTableViewController.swift */,
			);
			name = ConfigView;
			sourceTree = "<group>";
		};
		C02528F21DCDAE65002A75B5 /* DetailView */ = {
			isa = PBXGroup;
			children = (
				C0380D961E1229840014C8B0 /* DetailFullImageViewController.swift */,
				C0960FE21DDF14C90016BDAF /* DetailViewController.swift */,
			);
			name = DetailView;
			sourceTree = "<group>";
		};
		C05463361E0BCFA50063ABD7 /* Icons */ = {
			isa = PBXGroup;
			children = (
				C0D5423D1E13DE4000ECF8D3 /* detailback.jpg */,
				C0D542371E13D87900ECF8D3 /* memo.png */,
				C0D542351E12865600ECF8D3 /* notCom.png */,
				C0D542231E12645400ECF8D3 /* appicon.png */,
				C0D542411E13E73600ECF8D3 /* cal.png */,
				C0D542421E13E73600ECF8D3 /* ti.png */,
				C0D542431E13E73600ECF8D3 /* clip.png */,
				C0D542441E13E73600ECF8D3 /* stick.png */,
				C0D542451E13E73600ECF8D3 /* x.png */,
				C0D542461E13E73600ECF8D3 /* check.png */,
				C0D542331E12838700ECF8D3 /* com.png */,
				C012BF611E0CF15B005109C2 /* listImageTempPlace.png */,
				C05463371E0BD7CD0063ABD7 /* LoginWithKakao.png */,
				C05463301E0BCFA30063ABD7 /* setting.png */,
				C05463311E0BCFA30063ABD7 /* setting@2x.png */,
				C05463321E0BCFA30063ABD7 /* setting@3x.png */,
				C054635B1E0CA2E30063ABD7 /* qrcode.png */,
				C0D5421F1E12642500ECF8D3 /* launchfile.png */,
				C0D542211E12642E00ECF8D3 /* wallpapaer.jpg */,
			);
			name = Icons;
			sourceTree = "<group>";
		};
		C058F3011DF2BA89001CCD46 /* Frameworks */ = {
			isa = PBXGroup;
			children = (
				C0CDE6771E0AAB7000688F52 /* KakaoOpenSDK.framework */,
			);
			name = Frameworks;
			sourceTree = "<group>";
		};
/* End PBXGroup section */

/* Begin PBXNativeTarget section */
		AE35E4B31DCD87E9007185A9 /* ToDoList */ = {
			isa = PBXNativeTarget;
			buildConfigurationList = AE35E4DE1DCD87E9007185A9 /* Build configuration list for PBXNativeTarget "ToDoList" */;
			buildPhases = (
				AE35E4B01DCD87E9007185A9 /* Sources */,
				AE35E4B11DCD87E9007185A9 /* Frameworks */,
				AE35E4B21DCD87E9007185A9 /* Resources */,
			);
			buildRules = (
			);
			dependencies = (
			);
			name = ToDoList;
			productName = ToDoList;
			productReference = AE35E4B41DCD87E9007185A9 /* ToDoList.app */;
			productType = "com.apple.product-type.application";
		};
		AE35E4C91DCD87E9007185A9 /* ToDoListTests */ = {
			isa = PBXNativeTarget;
			buildConfigurationList = AE35E4E11DCD87E9007185A9 /* Build configuration list for PBXNativeTarget "ToDoListTests" */;
			buildPhases = (
				AE35E4C61DCD87E9007185A9 /* Sources */,
				AE35E4C71DCD87E9007185A9 /* Frameworks */,
				AE35E4C81DCD87E9007185A9 /* Resources */,
			);
			buildRules = (
			);
			dependencies = (
				AE35E4CC1DCD87E9007185A9 /* PBXTargetDependency */,
			);
			name = ToDoListTests;
			productName = ToDoListTests;
			productReference = AE35E4CA1DCD87E9007185A9 /* ToDoListTests.xctest */;
			productType = "com.apple.product-type.bundle.unit-test";
		};
		AE35E4D41DCD87E9007185A9 /* ToDoListUITests */ = {
			isa = PBXNativeTarget;
			buildConfigurationList = AE35E4E41DCD87E9007185A9 /* Build configuration list for PBXNativeTarget "ToDoListUITests" */;
			buildPhases = (
				AE35E4D11DCD87E9007185A9 /* Sources */,
				AE35E4D21DCD87E9007185A9 /* Frameworks */,
				AE35E4D31DCD87E9007185A9 /* Resources */,
			);
			buildRules = (
			);
			dependencies = (
				AE35E4D71DCD87E9007185A9 /* PBXTargetDependency */,
			);
			name = ToDoListUITests;
			productName = ToDoListUITests;
			productReference = AE35E4D51DCD87E9007185A9 /* ToDoListUITests.xctest */;
			productType = "com.apple.product-type.bundle.ui-testing";
		};
/* End PBXNativeTarget section */

/* Begin PBXProject section */
		AE35E4AC1DCD87E9007185A9 /* Project object */ = {
			isa = PBXProject;
			attributes = {
				LastSwiftUpdateCheck = 0730;
				LastUpgradeCheck = 0730;
				ORGANIZATIONNAME = DGSW_TEACHER;
				TargetAttributes = {
					AE35E4B31DCD87E9007185A9 = {
						CreatedOnToolsVersion = 7.3.1;
						DevelopmentTeam = F6YNTTR55Z;
						LastSwiftMigration = 0810;
					};
					AE35E4C91DCD87E9007185A9 = {
						CreatedOnToolsVersion = 7.3.1;
						LastSwiftMigration = 0810;
						TestTargetID = AE35E4B31DCD87E9007185A9;
					};
					AE35E4D41DCD87E9007185A9 = {
						CreatedOnToolsVersion = 7.3.1;
						LastSwiftMigration = 0810;
						TestTargetID = AE35E4B31DCD87E9007185A9;
					};
				};
			};
			buildConfigurationList = AE35E4AF1DCD87E9007185A9 /* Build configuration list for PBXProject "ToDoList" */;
			compatibilityVersion = "Xcode 3.2";
			developmentRegion = English;
			hasScannedForEncodings = 0;
			knownRegions = (
				en,
				Base,
			);
			mainGroup = AE35E4AB1DCD87E9007185A9;
			productRefGroup = AE35E4B51DCD87E9007185A9 /* Products */;
			projectDirPath = "";
			projectRoot = "";
			targets = (
				AE35E4B31DCD87E9007185A9 /* ToDoList */,
				AE35E4C91DCD87E9007185A9 /* ToDoListTests */,
				AE35E4D41DCD87E9007185A9 /* ToDoListUITests */,
			);
		};
/* End PBXProject section */

/* Begin PBXResourcesBuildPhase section */
		AE35E4B21DCD87E9007185A9 /* Resources */ = {
			isa = PBXResourcesBuildPhase;
			buildActionMask = 2147483647;
			files = (
				C0D542481E13E73600ECF8D3 /* ti.png in Resources */,
				C0D5423E1E13DE4000ECF8D3 /* detailback.jpg in Resources */,
				C05463351E0BCFA30063ABD7 /* setting@3x.png in Resources */,
				C05463331E0BCFA30063ABD7 /* setting.png in Resources */,
				C0D5424C1E13E73600ECF8D3 /* check.png in Resources */,
				C05463381E0BD7CD0063ABD7 /* LoginWithKakao.png in Resources */,
				C0D542381E13D87900ECF8D3 /* memo.png in Resources */,
				C0D542361E12865600ECF8D3 /* notCom.png in Resources */,
				C0D542201E12642500ECF8D3 /* launchfile.png in Resources */,
				C0D542341E12838700ECF8D3 /* com.png in Resources */,
				C0D5424B1E13E73600ECF8D3 /* x.png in Resources */,
				C0D542241E12645400ECF8D3 /* appicon.png in Resources */,
				C0D5424A1E13E73600ECF8D3 /* stick.png in Resources */,
				C0D542471E13E73600ECF8D3 /* cal.png in Resources */,
				C054635C1E0CA2E30063ABD7 /* qrcode.png in Resources */,
				C0D542491E13E73600ECF8D3 /* clip.png in Resources */,
				C0D542221E12642E00ECF8D3 /* wallpapaer.jpg in Resources */,
				AE35E4C41DCD87E9007185A9 /* LaunchScreen.storyboard in Resources */,
				AE35E4C11DCD87E9007185A9 /* Assets.xcassets in Resources */,
				C012BF621E0CF15B005109C2 /* listImageTempPlace.png in Resources */,
				AE35E4BF1DCD87E9007185A9 /* Main.storyboard in Resources */,
				C05463341E0BCFA30063ABD7 /* setting@2x.png in Resources */,
			);
			runOnlyForDeploymentPostprocessing = 0;
		};
		AE35E4C81DCD87E9007185A9 /* Resources */ = {
			isa = PBXResourcesBuildPhase;
			buildActionMask = 2147483647;
			files = (
			);
			runOnlyForDeploymentPostprocessing = 0;
		};
		AE35E4D31DCD87E9007185A9 /* Resources */ = {
			isa = PBXResourcesBuildPhase;
			buildActionMask = 2147483647;
			files = (
			);
			runOnlyForDeploymentPostprocessing = 0;
		};
/* End PBXResourcesBuildPhase section */

/* Begin PBXSourcesBuildPhase section */
		AE35E4B01DCD87E9007185A9 /* Sources */ = {
			isa = PBXSourcesBuildPhase;
			buildActionMask = 2147483647;
			files = (
				C0380D971E1229840014C8B0 /* DetailFullImageViewController.swift in Sources */,
				C0D542401E13E1FD00ECF8D3 /* AddTableViewController.swift in Sources */,
				C054635A1E0C9ED00063ABD7 /* QRCodeReaderViewController.swift in Sources */,
				C09B4D5E1DF2BBFB00F7D08D /* LoginViewController.swift in Sources */,
				AE68418C1DE148CA00D713C3 /* AddViewController.swift in Sources */,
				C054633A1E0BEA130063ABD7 /* QrCodeViewController.swift in Sources */,
				C007C75F1DD1DE22006A285C /* MainViewController.swift in Sources */,
				C007C7621DD1DE63006A285C /* ListTableViewCell.swift in Sources */,
				C01B485C1DF15DE200B20403 /* ConfigTableViewController.swift in Sources */,
				AE35E4B81DCD87E9007185A9 /* AppDelegate.swift in Sources */,
				C0960FE31DDF14C90016BDAF /* DetailViewController.swift in Sources */,
			);
			runOnlyForDeploymentPostprocessing = 0;
		};
		AE35E4C61DCD87E9007185A9 /* Sources */ = {
			isa = PBXSourcesBuildPhase;
			buildActionMask = 2147483647;
			files = (
				AE35E4CF1DCD87E9007185A9 /* ToDoListTests.swift in Sources */,
			);
			runOnlyForDeploymentPostprocessing = 0;
		};
		AE35E4D11DCD87E9007185A9 /* Sources */ = {
			isa = PBXSourcesBuildPhase;
			buildActionMask = 2147483647;
			files = (
				AE35E4DA1DCD87E9007185A9 /* ToDoListUITests.swift in Sources */,
			);
			runOnlyForDeploymentPostprocessing = 0;
		};
/* End PBXSourcesBuildPhase section */

/* Begin PBXTargetDependency section */
		AE35E4CC1DCD87E9007185A9 /* PBXTargetDependency */ = {
			isa = PBXTargetDependency;
			target = AE35E4B31DCD87E9007185A9 /* ToDoList */;
			targetProxy = AE35E4CB1DCD87E9007185A9 /* PBXContainerItemProxy */;
		};
		AE35E4D71DCD87E9007185A9 /* PBXTargetDependency */ = {
			isa = PBXTargetDependency;
			target = AE35E4B31DCD87E9007185A9 /* ToDoList */;
			targetProxy = AE35E4D61DCD87E9007185A9 /* PBXContainerItemProxy */;
		};
/* End PBXTargetDependency section */

/* Begin PBXVariantGroup section */
		AE35E4BD1DCD87E9007185A9 /* Main.storyboard */ = {
			isa = PBXVariantGroup;
			children = (
				AE35E4BE1DCD87E9007185A9 /* Base */,
			);
			name = Main.storyboard;
			sourceTree = "<group>";
		};
		AE35E4C21DCD87E9007185A9 /* LaunchScreen.storyboard */ = {
			isa = PBXVariantGroup;
			children = (
				AE35E4C31DCD87E9007185A9 /* Base */,
			);
			name = LaunchScreen.storyboard;
			sourceTree = "<group>";
		};
/* End PBXVariantGroup section */

/* Begin XCBuildConfiguration section */
		AE35E4DC1DCD87E9007185A9 /* Debug */ = {
			isa = XCBuildConfiguration;
			buildSettings = {
				ALWAYS_SEARCH_USER_PATHS = NO;
				CLANG_ANALYZER_NONNULL = YES;
				CLANG_CXX_LANGUAGE_STANDARD = "gnu++0x";
				CLANG_CXX_LIBRARY = "libc++";
				CLANG_ENABLE_MODULES = YES;
				CLANG_ENABLE_OBJC_ARC = YES;
				CLANG_WARN_BOOL_CONVERSION = YES;
				CLANG_WARN_CONSTANT_CONVERSION = YES;
				CLANG_WARN_DIRECT_OBJC_ISA_USAGE = YES_ERROR;
				CLANG_WARN_EMPTY_BODY = YES;
				CLANG_WARN_ENUM_CONVERSION = YES;
				CLANG_WARN_INT_CONVERSION = YES;
				CLANG_WARN_OBJC_ROOT_CLASS = YES_ERROR;
				CLANG_WARN_UNREACHABLE_CODE = YES;
				CLANG_WARN__DUPLICATE_METHOD_MATCH = YES;
				"CODE_SIGN_IDENTITY[sdk=iphoneos*]" = "iPhone Developer";
				COPY_PHASE_STRIP = NO;
				DEBUG_INFORMATION_FORMAT = dwarf;
				ENABLE_STRICT_OBJC_MSGSEND = YES;
				ENABLE_TESTABILITY = YES;
				GCC_C_LANGUAGE_STANDARD = gnu99;
				GCC_DYNAMIC_NO_PIC = NO;
				GCC_NO_COMMON_BLOCKS = YES;
				GCC_OPTIMIZATION_LEVEL = 0;
				GCC_PREPROCESSOR_DEFINITIONS = (
					"DEBUG=1",
					"$(inherited)",
				);
				GCC_WARN_64_TO_32_BIT_CONVERSION = YES;
				GCC_WARN_ABOUT_RETURN_TYPE = YES_ERROR;
				GCC_WARN_UNDECLARED_SELECTOR = YES;
				GCC_WARN_UNINITIALIZED_AUTOS = YES_AGGRESSIVE;
				GCC_WARN_UNUSED_FUNCTION = YES;
				GCC_WARN_UNUSED_VARIABLE = YES;
				IPHONEOS_DEPLOYMENT_TARGET = 9.3;
				MTL_ENABLE_DEBUG_INFO = YES;
				ONLY_ACTIVE_ARCH = YES;
				SDKROOT = iphoneos;
				SWIFT_OPTIMIZATION_LEVEL = "-Onone";
				SWIFT_VERSION = 2.3;
			};
			name = Debug;
		};
		AE35E4DD1DCD87E9007185A9 /* Release */ = {
			isa = XCBuildConfiguration;
			buildSettings = {
				ALWAYS_SEARCH_USER_PATHS = NO;
				CLANG_ANALYZER_NONNULL = YES;
				CLANG_CXX_LANGUAGE_STANDARD = "gnu++0x";
				CLANG_CXX_LIBRARY = "libc++";
				CLANG_ENABLE_MODULES = YES;
				CLANG_ENABLE_OBJC_ARC = YES;
				CLANG_WARN_BOOL_CONVERSION = YES;
				CLANG_WARN_CONSTANT_CONVERSION = YES;
				CLANG_WARN_DIRECT_OBJC_ISA_USAGE = YES_ERROR;
				CLANG_WARN_EMPTY_BODY = YES;
				CLANG_WARN_ENUM_CONVERSION = YES;
				CLANG_WARN_INT_CONVERSION = YES;
				CLANG_WARN_OBJC_ROOT_CLASS = YES_ERROR;
				CLANG_WARN_UNREACHABLE_CODE = YES;
				CLANG_WARN__DUPLICATE_METHOD_MATCH = YES;
				"CODE_SIGN_IDENTITY[sdk=iphoneos*]" = "iPhone Developer";
				COPY_PHASE_STRIP = NO;
				DEBUG_INFORMATION_FORMAT = "dwarf-with-dsym";
				ENABLE_NS_ASSERTIONS = NO;
				ENABLE_STRICT_OBJC_MSGSEND = YES;
				GCC_C_LANGUAGE_STANDARD = gnu99;
				GCC_NO_COMMON_BLOCKS = YES;
				GCC_WARN_64_TO_32_BIT_CONVERSION = YES;
				GCC_WARN_ABOUT_RETURN_TYPE = YES_ERROR;
				GCC_WARN_UNDECLARED_SELECTOR = YES;
				GCC_WARN_UNINITIALIZED_AUTOS = YES_AGGRESSIVE;
				GCC_WARN_UNUSED_FUNCTION = YES;
				GCC_WARN_UNUSED_VARIABLE = YES;
				IPHONEOS_DEPLOYMENT_TARGET = 9.3;
				MTL_ENABLE_DEBUG_INFO = NO;
				SDKROOT = iphoneos;
				SWIFT_VERSION = 2.3;
				VALIDATE_PRODUCT = YES;
			};
			name = Release;
		};
		AE35E4DF1DCD87E9007185A9 /* Debug */ = {
			isa = XCBuildConfiguration;
			buildSettings = {
				ASSETCATALOG_COMPILER_APPICON_NAME = AppIcon;
				DEVELOPMENT_TEAM = F6YNTTR55Z;
				FRAMEWORK_SEARCH_PATHS = (
					"$(inherited)",
					"$(PROJECT_DIR)",
				);
				INFOPLIST_FILE = ToDoList/Info.plist;
				LD_RUNPATH_SEARCH_PATHS = "$(inherited) @executable_path/Frameworks";
				OTHER_LDFLAGS = "-all_load";
				PRODUCT_BUNDLE_IDENTIFIER = DGSWiOS.ToDoList;
				PRODUCT_NAME = "$(TARGET_NAME)";
				SWIFT_INCLUDE_PATHS = "";
				SWIFT_OBJC_BRIDGING_HEADER = "ToDoList/ToDoList-Bridging-Header.h";
				SWIFT_VERSION = 2.3;
			};
			name = Debug;
		};
		AE35E4E01DCD87E9007185A9 /* Release */ = {
			isa = XCBuildConfiguration;
			buildSettings = {
				ASSETCATALOG_COMPILER_APPICON_NAME = AppIcon;
				DEVELOPMENT_TEAM = F6YNTTR55Z;
				FRAMEWORK_SEARCH_PATHS = (
					"$(inherited)",
					"$(PROJECT_DIR)",
				);
				INFOPLIST_FILE = ToDoList/Info.plist;
				LD_RUNPATH_SEARCH_PATHS = "$(inherited) @executable_path/Frameworks";
				MTL_ENABLE_DEBUG_INFO = NO;
				OTHER_LDFLAGS = "-all_load";
				PRODUCT_BUNDLE_IDENTIFIER = DGSWiOS.ToDoList;
				PRODUCT_NAME = "$(TARGET_NAME)";
				SWIFT_INCLUDE_PATHS = "";
				SWIFT_OBJC_BRIDGING_HEADER = "ToDoList/ToDoList-Bridging-Header.h";
				SWIFT_VERSION = 2.3;
			};
			name = Release;
		};
		AE35E4E21DCD87E9007185A9 /* Debug */ = {
			isa = XCBuildConfiguration;
			buildSettings = {
				BUNDLE_LOADER = "$(TEST_HOST)";
				INFOPLIST_FILE = ToDoListTests/Info.plist;
				LD_RUNPATH_SEARCH_PATHS = "$(inherited) @executable_path/Frameworks @loader_path/Frameworks";
				PRODUCT_BUNDLE_IDENTIFIER = DGSWiOS.ToDoListTests;
				PRODUCT_NAME = "$(TARGET_NAME)";
				SWIFT_VERSION = 2.3;
				TEST_HOST = "$(BUILT_PRODUCTS_DIR)/ToDoList.app/ToDoList";
			};
			name = Debug;
		};
		AE35E4E31DCD87E9007185A9 /* Release */ = {
			isa = XCBuildConfiguration;
			buildSettings = {
				BUNDLE_LOADER = "$(TEST_HOST)";
				INFOPLIST_FILE = ToDoListTests/Info.plist;
				LD_RUNPATH_SEARCH_PATHS = "$(inherited) @executable_path/Frameworks @loader_path/Frameworks";
				PRODUCT_BUNDLE_IDENTIFIER = DGSWiOS.ToDoListTests;
				PRODUCT_NAME = "$(TARGET_NAME)";
				SWIFT_VERSION = 2.3;
				TEST_HOST = "$(BUILT_PRODUCTS_DIR)/ToDoList.app/ToDoList";
			};
			name = Release;
		};
		AE35E4E51DCD87E9007185A9 /* Debug */ = {
			isa = XCBuildConfiguration;
			buildSettings = {
				INFOPLIST_FILE = ToDoListUITests/Info.plist;
				LD_RUNPATH_SEARCH_PATHS = "$(inherited) @executable_path/Frameworks @loader_path/Frameworks";
				PRODUCT_BUNDLE_IDENTIFIER = DGSWiOS.ToDoListUITests;
				PRODUCT_NAME = "$(TARGET_NAME)";
				SWIFT_VERSION = 2.3;
				TEST_TARGET_NAME = ToDoList;
			};
			name = Debug;
		};
		AE35E4E61DCD87E9007185A9 /* Release */ = {
			isa = XCBuildConfiguration;
			buildSettings = {
				INFOPLIST_FILE = ToDoListUITests/Info.plist;
				LD_RUNPATH_SEARCH_PATHS = "$(inherited) @executable_path/Frameworks @loader_path/Frameworks";
				PRODUCT_BUNDLE_IDENTIFIER = DGSWiOS.ToDoListUITests;
				PRODUCT_NAME = "$(TARGET_NAME)";
				SWIFT_VERSION = 2.3;
				TEST_TARGET_NAME = ToDoList;
			};
			name = Release;
		};
/* End XCBuildConfiguration section */

/* Begin XCConfigurationList section */
		AE35E4AF1DCD87E9007185A9 /* Build configuration list for PBXProject "ToDoList" */ = {
			isa = XCConfigurationList;
			buildConfigurations = (
				AE35E4DC1DCD87E9007185A9 /* Debug */,
				AE35E4DD1DCD87E9007185A9 /* Release */,
			);
			defaultConfigurationIsVisible = 0;
			defaultConfigurationName = Release;
		};
		AE35E4DE1DCD87E9007185A9 /* Build configuration list for PBXNativeTarget "ToDoList" */ = {
			isa = XCConfigurationList;
			buildConfigurations = (
				AE35E4DF1DCD87E9007185A9 /* Debug */,
				AE35E4E01DCD87E9007185A9 /* Release */,
			);
			defaultConfigurationIsVisible = 0;
			defaultConfigurationName = Release;
		};
		AE35E4E11DCD87E9007185A9 /* Build configuration list for PBXNativeTarget "ToDoListTests" */ = {
			isa = XCConfigurationList;
			buildConfigurations = (
				AE35E4E21DCD87E9007185A9 /* Debug */,
				AE35E4E31DCD87E9007185A9 /* Release */,
			);
			defaultConfigurationIsVisible = 0;
			defaultConfigurationName = Release;
		};
		AE35E4E41DCD87E9007185A9 /* Build configuration list for PBXNativeTarget "ToDoListUITests" */ = {
			isa = XCConfigurationList;
			buildConfigurations = (
				AE35E4E51DCD87E9007185A9 /* Debug */,
				AE35E4E61DCD87E9007185A9 /* Release */,
			);
			defaultConfigurationIsVisible = 0;
			defaultConfigurationName = Release;
		};
/* End XCConfigurationList section */
	};
	rootObject = AE35E4AC1DCD87E9007185A9 /* Project object */;
}
